// !$*UTF8*$!
{
	archiveVersion = 1;
	classes = {
	};
	objectVersion = 46;
	objects = {

/* Begin PBXBuildFile section */
		237C42971BBB3B7D00F9D81F /* main.m in Sources */ = {isa = PBXBuildFile; fileRef = 237C42961BBB3B7D00F9D81F /* main.m */; };
		237C429A1BBB3B7D00F9D81F /* AppDelegate.m in Sources */ = {isa = PBXBuildFile; fileRef = 237C42991BBB3B7D00F9D81F /* AppDelegate.m */; };
		237C429D1BBB3B7D00F9D81F /* ViewController.m in Sources */ = {isa = PBXBuildFile; fileRef = 237C429C1BBB3B7D00F9D81F /* ViewController.m */; };
		237C42A01BBB3B7D00F9D81F /* Main.storyboard in Resources */ = {isa = PBXBuildFile; fileRef = 237C429E1BBB3B7D00F9D81F /* Main.storyboard */; };
		237C42A21BBB3B7D00F9D81F /* Assets.xcassets in Resources */ = {isa = PBXBuildFile; fileRef = 237C42A11BBB3B7D00F9D81F /* Assets.xcassets */; };
		237C42A51BBB3B7D00F9D81F /* LaunchScreen.storyboard in Resources */ = {isa = PBXBuildFile; fileRef = 237C42A31BBB3B7D00F9D81F /* LaunchScreen.storyboard */; };
		237C42AD1BBB3BE600F9D81F /* libMobileGestalt.tbd in Frameworks */ = {isa = PBXBuildFile; fileRef = 237C42AC1BBB3BE600F9D81F /* libMobileGestalt.tbd */; };
		23ADD7C31BBB3E980068EE74 /* Icon-76.png in Resources */ = {isa = PBXBuildFile; fileRef = 23ADD7C01BBB3E980068EE74 /* Icon-76.png */; };
		23ADD7C41BBB3E980068EE74 /* Icon-76@2x.png in Resources */ = {isa = PBXBuildFile; fileRef = 23ADD7C11BBB3E980068EE74 /* Icon-76@2x.png */; };
		23ADD7C51BBB3E980068EE74 /* Icon-76@3x.png in Resources */ = {isa = PBXBuildFile; fileRef = 23ADD7C21BBB3E980068EE74 /* Icon-76@3x.png */; };
/* End PBXBuildFile section */

/* Begin PBXFileReference section */
		237C42921BBB3B7D00F9D81F /* A9 Chip Source.app */ = {isa = PBXFileReference; explicitFileType = wrapper.application; includeInIndex = 0; path = "A9 Chip Source.app"; sourceTree = BUILT_PRODUCTS_DIR; };
		237C42961BBB3B7D00F9D81F /* main.m */ = {isa = PBXFileReference; lastKnownFileType = sourcecode.c.objc; path = main.m; sourceTree = "<group>"; };
		237C42981BBB3B7D00F9D81F /* AppDelegate.h */ = {isa = PBXFileReference; lastKnownFileType = sourcecode.c.h; path = AppDelegate.h; sourceTree = "<group>"; };
		237C42991BBB3B7D00F9D81F /* AppDelegate.m */ = {isa = PBXFileReference; lastKnownFileType = sourcecode.c.objc; path = AppDelegate.m; sourceTree = "<group>"; };
		237C429B1BBB3B7D00F9D81F /* ViewController.h */ = {isa = PBXFileReference; lastKnownFileType = sourcecode.c.h; path = ViewController.h; sourceTree = "<group>"; };
		237C429C1BBB3B7D00F9D81F /* ViewController.m */ = {isa = PBXFileReference; lastKnownFileType = sourcecode.c.objc; path = ViewController.m; sourceTree = "<group>"; };
		237C429F1BBB3B7D00F9D81F /* Base */ = {isa = PBXFileReference; lastKnownFileType = file.storyboard; name = Base; path = Base.lproj/Main.storyboard; sourceTree = "<group>"; };
		237C42A11BBB3B7D00F9D81F /* Assets.xcassets */ = {isa = PBXFileReference; lastKnownFileType = folder.assetcatalog; path = Assets.xcassets; sourceTree = "<group>"; };
		237C42A41BBB3B7D00F9D81F /* Base */ = {isa = PBXFileReference; lastKnownFileType = file.storyboard; name = Base; path = Base.lproj/LaunchScreen.storyboard; sourceTree = "<group>"; };
		237C42A61BBB3B7D00F9D81F /* Info.plist */ = {isa = PBXFileReference; lastKnownFileType = text.plist.xml; path = Info.plist; sourceTree = "<group>"; };
		237C42AC1BBB3BE600F9D81F /* libMobileGestalt.tbd */ = {isa = PBXFileReference; lastKnownFileType = "sourcecode.text-based-dylib-definition"; name = libMobileGestalt.tbd; path = usr/lib/libMobileGestalt.tbd; sourceTree = SDKROOT; };
		23ADD7C01BBB3E980068EE74 /* Icon-76.png */ = {isa = PBXFileReference; lastKnownFileType = image.png; path = "Icon-76.png"; sourceTree = "<group>"; };
		23ADD7C11BBB3E980068EE74 /* Icon-76@2x.png */ = {isa = PBXFileReference; lastKnownFileType = image.png; path = "Icon-76@2x.png"; sourceTree = "<group>"; };
		23ADD7C21BBB3E980068EE74 /* Icon-76@3x.png */ = {isa = PBXFileReference; lastKnownFileType = image.png; path = "Icon-76@3x.png"; sourceTree = "<group>"; };
/* End PBXFileReference section */

/* Begin PBXFrameworksBuildPhase section */
		237C428F1BBB3B7D00F9D81F /* Frameworks */ = {
			isa = PBXFrameworksBuildPhase;
			buildActionMask = 2147483647;
			files = (
				237C42AD1BBB3BE600F9D81F /* libMobileGestalt.tbd in Frameworks */,
			);
			runOnlyForDeploymentPostprocessing = 0;
		};
/* End PBXFrameworksBuildPhase section */

/* Begin PBXGroup section */
		237C42891BBB3B7D00F9D81F = {
			isa = PBXGroup;
			children = (
				237C42941BBB3B7D00F9D81F /* A9ChipSource */,
				237C42931BBB3B7D00F9D81F /* Products */,
			);
			sourceTree = "<group>";
		};
		237C42931BBB3B7D00F9D81F /* Products */ = {
			isa = PBXGroup;
			children = (
				237C42921BBB3B7D00F9D81F /* A9 Chip Source.app */,
			);
			name = Products;
			sourceTree = "<group>";
		};
		237C42941BBB3B7D00F9D81F /* A9ChipSource */ = {
			isa = PBXGroup;
			children = (
				237C42981BBB3B7D00F9D81F /* AppDelegate.h */,
				237C42991BBB3B7D00F9D81F /* AppDelegate.m */,
				237C429B1BBB3B7D00F9D81F /* ViewController.h */,
				237C429C1BBB3B7D00F9D81F /* ViewController.m */,
				237C429E1BBB3B7D00F9D81F /* Main.storyboard */,
				237C42A11BBB3B7D00F9D81F /* Assets.xcassets */,
				237C42A31BBB3B7D00F9D81F /* LaunchScreen.storyboard */,
				237C42A61BBB3B7D00F9D81F /* Info.plist */,
				237C42951BBB3B7D00F9D81F /* Supporting Files */,
			);
			path = A9ChipSource;
			sourceTree = "<group>";
		};
		237C42951BBB3B7D00F9D81F /* Supporting Files */ = {
			isa = PBXGroup;
			children = (
				23ADD7C01BBB3E980068EE74 /* Icon-76.png */,
				23ADD7C11BBB3E980068EE74 /* Icon-76@2x.png */,
				23ADD7C21BBB3E980068EE74 /* Icon-76@3x.png */,
				237C42AC1BBB3BE600F9D81F /* libMobileGestalt.tbd */,
				237C42961BBB3B7D00F9D81F /* main.m */,
			);
			name = "Supporting Files";
			sourceTree = "<group>";
		};
/* End PBXGroup section */

/* Begin PBXNativeTarget section */
		237C42911BBB3B7D00F9D81F /* A9 Chip Source */ = {
			isa = PBXNativeTarget;
			buildConfigurationList = 237C42A91BBB3B7D00F9D81F /* Build configuration list for PBXNativeTarget "A9 Chip Source" */;
			buildPhases = (
				237C428E1BBB3B7D00F9D81F /* Sources */,
				237C428F1BBB3B7D00F9D81F /* Frameworks */,
				237C42901BBB3B7D00F9D81F /* Resources */,
			);
			buildRules = (
			);
			dependencies = (
			);
			name = "A9 Chip Source";
			productName = A9ChipSource;
			productReference = 237C42921BBB3B7D00F9D81F /* A9 Chip Source.app */;
			productType = "com.apple.product-type.application";
		};
/* End PBXNativeTarget section */

/* Begin PBXProject section */
		237C428A1BBB3B7D00F9D81F /* Project object */ = {
			isa = PBXProject;
			attributes = {
				LastUpgradeCheck = 0710;
				ORGANIZATIONNAME = "David Stockley";
				TargetAttributes = {
					237C42911BBB3B7D00F9D81F = {
						CreatedOnToolsVersion = 7.1;
					};
				};
			};
			buildConfigurationList = 237C428D1BBB3B7D00F9D81F /* Build configuration list for PBXProject "A9ChipSource" */;
			compatibilityVersion = "Xcode 3.2";
			developmentRegion = English;
			hasScannedForEncodings = 0;
			knownRegions = (
				en,
				Base,
			);
			mainGroup = 237C42891BBB3B7D00F9D81F;
			productRefGroup = 237C42931BBB3B7D00F9D81F /* Products */;
			projectDirPath = "";
			projectRoot = "";
			targets = (
				237C42911BBB3B7D00F9D81F /* A9 Chip Source */,
			);
		};
/* End PBXProject section */

/* Begin PBXResourcesBuildPhase section */
		237C42901BBB3B7D00F9D81F /* Resources */ = {
			isa = PBXResourcesBuildPhase;
			buildActionMask = 2147483647;
			files = (
				237C42A51BBB3B7D00F9D81F /* LaunchScreen.storyboard in Resources */,
				23ADD7C31BBB3E980068EE74 /* Icon-76.png in Resources */,
				237C42A21BBB3B7D00F9D81F /* Assets.xcassets in Resources */,
				23ADD7C41BBB3E980068EE74 /* Icon-76@2x.png in Resources */,
				237C42A01BBB3B7D00F9D81F /* Main.storyboard in Resources */,
				23ADD7C51BBB3E980068EE74 /* Icon-76@3x.png in Resources */,
			);
			runOnlyForDeploymentPostprocessing = 0;
		};
/* End PBXResourcesBuildPhase section */

/* Begin PBXSourcesBuildPhase section */
		237C428E1BBB3B7D00F9D81F /* Sources */ = {
			isa = PBXSourcesBuildPhase;
			buildActionMask = 2147483647;
			files = (
				237C429D1BBB3B7D00F9D81F /* ViewController.m in Sources */,
				237C429A1BBB3B7D00F9D81F /* AppDelegate.m in Sources */,
				237C42971BBB3B7D00F9D81F /* main.m in Sources */,
			);
			runOnlyForDeploymentPostprocessing = 0;
		};
/* End PBXSourcesBuildPhase section */

/* Begin PBXVariantGroup section */
		237C429E1BBB3B7D00F9D81F /* Main.storyboard */ = {
			isa = PBXVariantGroup;
			children = (
				237C429F1BBB3B7D00F9D81F /* Base */,
			);
			name = Main.storyboard;
			sourceTree = "<group>";
		};
		237C42A31BBB3B7D00F9D81F /* LaunchScreen.storyboard */ = {
			isa = PBXVariantGroup;
			children = (
				237C42A41BBB3B7D00F9D81F /* Base */,
			);
			name = LaunchScreen.storyboard;
			sourceTree = "<group>";
		};
/* End PBXVariantGroup section */

/* Begin XCBuildConfiguration section */
		237C42A71BBB3B7D00F9D81F /* Debug */ = {
			isa = XCBuildConfiguration;
			buildSettings = {
				ALWAYS_SEARCH_USER_PATHS = NO;
				CLANG_CXX_LANGUAGE_STANDARD = "gnu++0x";
				CLANG_CXX_LIBRARY = "libc++";
				CLANG_ENABLE_MODULES = YES;
				CLANG_ENABLE_OBJC_ARC = YES;
				CLANG_WARN_BOOL_CONVERSION = YES;
				CLANG_WARN_CONSTANT_CONVERSION = YES;
				CLANG_WARN_DIRECT_OBJC_ISA_USAGE = YES_ERROR;
				CLANG_WARN_EMPTY_BODY = YES;
				CLANG_WARN_ENUM_CONVERSION = YES;
				CLANG_WARN_INT_CONVERSION = YES;
				CLANG_WARN_OBJC_ROOT_CLASS = YES_ERROR;
				CLANG_WARN_UNREACHABLE_CODE = YES;
				CLANG_WARN__DUPLICATE_METHOD_MATCH = YES;
				"CODE_SIGN_IDENTITY[sdk=iphoneos*]" = "iPhone Developer";
				COPY_PHASE_STRIP = NO;
				DEBUG_INFORMATION_FORMAT = dwarf;
				ENABLE_STRICT_OBJC_MSGSEND = YES;
				ENABLE_TESTABILITY = YES;
				GCC_C_LANGUAGE_STANDARD = gnu99;
				GCC_DYNAMIC_NO_PIC = NO;
				GCC_NO_COMMON_BLOCKS = YES;
				GCC_OPTIMIZATION_LEVEL = 0;
				GCC_PREPROCESSOR_DEFINITIONS = (
					"DEBUG=1",
					"$(inherited)",
				);
				GCC_WARN_64_TO_32_BIT_CONVERSION = YES;
				GCC_WARN_ABOUT_RETURN_TYPE = YES_ERROR;
				GCC_WARN_UNDECLARED_SELECTOR = YES;
				GCC_WARN_UNINITIALIZED_AUTOS = YES_AGGRESSIVE;
				GCC_WARN_UNUSED_FUNCTION = YES;
				GCC_WARN_UNUSED_VARIABLE = YES;
				IPHONEOS_DEPLOYMENT_TARGET = 9.0;
				MTL_ENABLE_DEBUG_INFO = YES;
				ONLY_ACTIVE_ARCH = YES;
				SDKROOT = iphoneos;
				TARGETED_DEVICE_FAMILY = "1,2";
			};
			name = Debug;
		};
		237C42A81BBB3B7D00F9D81F /* Release */ = {
			isa = XCBuildConfiguration;
			buildSettings = {
				ALWAYS_SEARCH_USER_PATHS = NO;
				CLANG_CXX_LANGUAGE_STANDARD = "gnu++0x";
				CLANG_CXX_LIBRARY = "libc++";
				CLANG_ENABLE_MODULES = YES;
				CLANG_ENABLE_OBJC_ARC = YES;
				CLANG_WARN_BOOL_CONVERSION = YES;
				CLANG_WARN_CONSTANT_CONVERSION = YES;
				CLANG_WARN_DIRECT_OBJC_ISA_USAGE = YES_ERROR;
				CLANG_WARN_EMPTY_BODY = YES;
				CLANG_WARN_ENUM_CONVERSION = YES;
				CLANG_WARN_INT_CONVERSION = YES;
				CLANG_WARN_OBJC_ROOT_CLASS = YES_ERROR;
				CLANG_WARN_UNREACHABLE_CODE = YES;
				CLANG_WARN__DUPLICATE_METHOD_MATCH = YES;
				"CODE_SIGN_IDENTITY[sdk=iphoneos*]" = "iPhone Developer";
				COPY_PHASE_STRIP = NO;
				DEBUG_INFORMATION_FORMAT = "dwarf-with-dsym";
				ENABLE_NS_ASSERTIONS = NO;
				ENABLE_STRICT_OBJC_MSGSEND = YES;
				GCC_C_LANGUAGE_STANDARD = gnu99;
				GCC_NO_COMMON_BLOCKS = YES;
				GCC_WARN_64_TO_32_BIT_CONVERSION = YES;
				GCC_WARN_ABOUT_RETURN_TYPE = YES_ERROR;
				GCC_WARN_UNDECLARED_SELECTOR = YES;
				GCC_WARN_UNINITIALIZED_AUTOS = YES_AGGRESSIVE;
				GCC_WARN_UNUSED_FUNCTION = YES;
				GCC_WARN_UNUSED_VARIABLE = YES;
				IPHONEOS_DEPLOYMENT_TARGET = 9.0;
				MTL_ENABLE_DEBUG_INFO = NO;
				SDKROOT = iphoneos;
				TARGETED_DEVICE_FAMILY = "1,2";
				VALIDATE_PRODUCT = YES;
			};
			name = Release;
		};
		237C42AA1BBB3B7D00F9D81F /* Debug */ = {
			isa = XCBuildConfiguration;
			buildSettings = {
				ASSETCATALOG_COMPILER_APPICON_NAME = AppIcon;
				INFOPLIST_FILE = A9ChipSource/Info.plist;
				LD_RUNPATH_SEARCH_PATHS = "$(inherited) @executable_path/Frameworks";
				PRODUCT_BUNDLE_IDENTIFIER = me.stockley.ios.oss.A9ChipSource;
				PRODUCT_NAME = "$(TARGET_NAME)";
			};
			name = Debug;
		};
		237C42AB1BBB3B7D00F9D81F /* Release */ = {
			isa = XCBuildConfiguration;
			buildSettings = {
				ASSETCATALOG_COMPILER_APPICON_NAME = AppIcon;
				INFOPLIST_FILE = A9ChipSource/Info.plist;
				LD_RUNPATH_SEARCH_PATHS = "$(inherited) @executable_path/Frameworks";
				PRODUCT_BUNDLE_IDENTIFIER = me.stockley.ios.oss.A9ChipSource;
				PRODUCT_NAME = "$(TARGET_NAME)";
			};
			name = Release;
		};
/* End XCBuildConfiguration section */

/* Begin XCConfigurationList section */
		237C428D1BBB3B7D00F9D81F /* Build configuration list for PBXProject "A9ChipSource" */ = {
			isa = XCConfigurationList;
			buildConfigurations = (
				237C42A71BBB3B7D00F9D81F /* Debug */,
				237C42A81BBB3B7D00F9D81F /* Release */,
			);
			defaultConfigurationIsVisible = 0;
			defaultConfigurationName = Release;
		};
		237C42A91BBB3B7D00F9D81F /* Build configuration list for PBXNativeTarget "A9 Chip Source" */ = {
			isa = XCConfigurationList;
			buildConfigurations = (
				237C42AA1BBB3B7D00F9D81F /* Debug */,
				237C42AB1BBB3B7D00F9D81F /* Release */,
			);
			defaultConfigurationIsVisible = 0;
			defaultConfigurationName = Release;
		};
/* End XCConfigurationList section */
	};
	rootObject = 237C428A1BBB3B7D00F9D81F /* Project object */;
}
